
Microsoft Visual Studio Solution File, Format Version 12.00
# Visual Studio Version 17
VisualStudioVersion = 17.6.33829.357
MinimumVisualStudioVersion = 10.0.40219.1
Project("{888888A0-9F3D-457C-B088-3A5042F75D52}") = "LAB3", "LAB3\LAB3.pyproj", "{543B54C4-F362-4D5A-AC08-59565E2AFE7D}"
EndProject
Global
	GlobalSection(SolutionConfigurationPlatforms) = preSolution
		Debug|Any CPU = Debug|Any CPU
		Release|Any CPU = Release|Any CPU
	EndGlobalSection
	GlobalSection(ProjectConfigurationPlatforms) = postSolution
		{543B54C4-F362-4D5A-AC08-59565E2AFE7D}.Debug|Any CPU.ActiveCfg = Debug|Any CPU
		{543B54C4-F362-4D5A-AC08-59565E2AFE7D}.Release|Any CPU.ActiveCfg = Release|Any CPU
	EndGlobalSection
	GlobalSection(SolutionProperties) = preSolution
		HideSolutionNode = FALSE
	EndGlobalSection
	GlobalSection(ExtensibilityGlobals) = postSolution
		SolutionGuid = {2E7342BA-86D0-4316-9423-562BE5029C4A}
	EndGlobalSection
EndGlobal
